
Microsoft Visual Studio Solution File, Format Version 12.00
# Visual Studio Version 17
VisualStudioVersion = 17.11.35222.181
MinimumVisualStudioVersion = 10.0.40219.1
Project("{FAE04EC0-301F-11D3-BF4B-00C04F79EFBC}") = "Group5_Final_Project", "Group5_Final_Project\Group5_Final_Project.csproj", "{08C8B7E9-37B4-495D-85BC-098739E93DDB}"
EndProject
Global
	GlobalSection(SolutionConfigurationPlatforms) = preSolution
		Debug|Any CPU = Debug|Any CPU
		Release|Any CPU = Release|Any CPU
	EndGlobalSection
	GlobalSection(ProjectConfigurationPlatforms) = postSolution
		{08C8B7E9-37B4-495D-85BC-098739E93DDB}.Debug|Any CPU.ActiveCfg = Debug|Any CPU
		{08C8B7E9-37B4-495D-85BC-098739E93DDB}.Debug|Any CPU.Build.0 = Debug|Any CPU
		{08C8B7E9-37B4-495D-85BC-098739E93DDB}.Release|Any CPU.ActiveCfg = Release|Any CPU
		{08C8B7E9-37B4-495D-85BC-098739E93DDB}.Release|Any CPU.Build.0 = Release|Any CPU
	EndGlobalSection
	GlobalSection(SolutionProperties) = preSolution
		HideSolutionNode = FALSE
	EndGlobalSection
	GlobalSection(ExtensibilityGlobals) = postSolution
		SolutionGuid = {DDA3C848-0C3C-4BD2-938B-9320D61874C9}
	EndGlobalSection
EndGlobal
